
Microsoft Visual Studio Solution File, Format Version 12.00
# Visual Studio Version 16
VisualStudioVersion = 16.0.29509.3
MinimumVisualStudioVersion = 10.0.40219.1
Project("{FAE04EC0-301F-11D3-BF4B-00C04F79EFBC}") = "Gauss", "Gauss\Gauss.csproj", "{BAD4D45A-ADF9-465F-9246-79A0E68BEC67}"
EndProject
Global
	GlobalSection(SolutionConfigurationPlatforms) = preSolution
		Debug|Any CPU = Debug|Any CPU
		Release|Any CPU = Release|Any CPU
	EndGlobalSection
	GlobalSection(ProjectConfigurationPlatforms) = postSolution
		{BAD4D45A-ADF9-465F-9246-79A0E68BEC67}.Debug|Any CPU.ActiveCfg = Debug|Any CPU
		{BAD4D45A-ADF9-465F-9246-79A0E68BEC67}.Debug|Any CPU.Build.0 = Debug|Any CPU
		{BAD4D45A-ADF9-465F-9246-79A0E68BEC67}.Release|Any CPU.ActiveCfg = Release|Any CPU
		{BAD4D45A-ADF9-465F-9246-79A0E68BEC67}.Release|Any CPU.Build.0 = Release|Any CPU
	EndGlobalSection
	GlobalSection(SolutionProperties) = preSolution
		HideSolutionNode = FALSE
	EndGlobalSection
	GlobalSection(ExtensibilityGlobals) = postSolution
		SolutionGuid = {332B4681-34B5-4CE1-9E66-FAC81E37F1AC}
	EndGlobalSection
EndGlobal
